{
  "name": "cancer-research-donation",
  "version": "1.0.0",
  "lockfileVersion": 1,
  "requires": true,
  "dependencies": {
    "ansicolors": {
      "version": "0.2.1",
      "resolved": "https://registry.npmjs.org/ansicolors/-/ansicolors-0.2.1.tgz",
      "integrity": "sha1-vgiVmQl7dKXJxKhKDNvNtivYeu8="
    },
    "bn.js": {
      "version": "2.0.0",
      "resolved": "https://registry.npmjs.org/bn.js/-/bn.js-2.0.0.tgz",
      "integrity": "sha1-glxBB/f6eJN47hsNhr4FA9esdDs="
    },
    "cardinal": {
      "version": "0.4.4",
      "resolved": "https://registry.npmjs.org/cardinal/-/cardinal-0.4.4.tgz",
      "integrity": "sha1-ylu2iltRG5D+k7ms6km97lwyv+I=",
      "requires": {
        "ansicolors": "~0.2.1",
        "redeyed": "~0.4.0"
      }
    },
    "core-util-is": {
      "version": "1.0.3",
      "resolved": "https://registry.npmjs.org/core-util-is/-/core-util-is-1.0.3.tgz",
      "integrity": "sha512-ZQBvi1DcpJ4GDqanjucZ2Hj3wEO5pZDS89BWbkcrvdxksJorwUDDZamX9ldFkp9aw2lmBDLgkObEA4DWNJ9FYQ=="
    },
    "dotenv": {
      "version": "16.0.0",
      "resolved": "https://registry.npmjs.org/dotenv/-/dotenv-16.0.0.tgz",
      "integrity": "sha512-qD9WU0MPM4SWLPJy/r2Be+2WgQj8plChsyrCNQzW/0WjvcJQiKQJ9mH3ZgB3fxbUUxgc/11ZJ0Fi5KiimWGz2Q=="
    },
    "double-ended-queue": {
      "version": "2.0.0-0",
      "resolved": "https://registry.npmjs.org/double-ended-queue/-/double-ended-queue-2.0.0-0.tgz",
      "integrity": "sha1-eEf9ocAPtyIkWv+DZDpIh2cO/Sw="
    },
    "esprima": {
      "version": "1.0.4",
      "resolved": "https://registry.npmjs.org/esprima/-/esprima-1.0.4.tgz",
      "integrity": "sha1-n1V+CPw7TSbs6d00+Pv0drYlha0="
    },
    "inherits": {
      "version": "2.0.4",
      "resolved": "https://registry.npmjs.org/inherits/-/inherits-2.0.4.tgz",
      "integrity": "sha512-k/vGaX4/Yla3WzyMCvTQOXYeIHvqOKtnqBduzTHpzpQZzAskKMhZ2K+EnBiSM9zGSoIFeMpXKxa4dYeZIQqewQ=="
    },
    "lru-cache": {
      "version": "2.5.0",
      "resolved": "https://registry.npmjs.org/lru-cache/-/lru-cache-2.5.0.tgz",
      "integrity": "sha1-2COIrpyWC+y+oMc7uet5tsbOmus="
    },
    "mysql2": {
      "version": "0.15.8",
      "resolved": "https://registry.npmjs.org/mysql2/-/mysql2-0.15.8.tgz",
      "integrity": "sha1-8WZQtvfFu1aLNFEeIbr+NtWonvE=",
      "requires": {
        "bn.js": "2.0.0",
        "cardinal": "0.4.4",
        "double-ended-queue": "2.0.0-0",
        "named-placeholders": "0.1.3",
        "readable-stream": "1.0.33"
      }
    },
    "mysql2-promise": {
      "version": "0.1.4",
      "resolved": "https://registry.npmjs.org/mysql2-promise/-/mysql2-promise-0.1.4.tgz",
      "integrity": "sha1-9/97w7GTkDEUUeEpLSXYmmdU7JQ=",
      "requires": {
        "mysql2": "^0.15.7",
        "q": "^1.3.0"
      }
    },
    "named-placeholders": {
      "version": "0.1.3",
      "resolved": "https://registry.npmjs.org/named-placeholders/-/named-placeholders-0.1.3.tgz",
      "integrity": "sha1-NTd27iWa0QUifhOFLu9CFaxjHoQ=",
      "requires": {
        "lru-cache": "2.5.0"
      }
    },
    "q": {
      "version": "1.5.1",
      "resolved": "https://registry.npmjs.org/q/-/q-1.5.1.tgz",
      "integrity": "sha1-fjL3W0E4EpHQRhHxvxQQmsAGUdc="
    },
    "readable-stream": {
      "version": "1.0.33",
      "resolved": "https://registry.npmjs.org/readable-stream/-/readable-stream-1.0.33.tgz",
      "integrity": "sha1-OjYN1mwbHX/UcFOJhg7aHQ9hEmw=",
      "requires": {
        "core-util-is": "~1.0.0",
        "inherits": "~2.0.1",
        "isarray": "0.0.1",
        "string_decoder": "~0.10.x"
      },
      "dependencies": {
        "isarray": {
          "version": "0.0.1",
          "resolved": "https://registry.npmjs.org/isarray/-/isarray-0.0.1.tgz",
          "integrity": "sha1-ihis/Kmo9Bd+Cav8YDiTmwXR7t8="
        }
      }
    },
    "redeyed": {
      "version": "0.4.4",
      "resolved": "https://registry.npmjs.org/redeyed/-/redeyed-0.4.4.tgz",
      "integrity": "sha1-N+mQpvKyGyoRwuakj9QTVpjLqX8=",
      "requires": {
        "esprima": "~1.0.4"
      }
    },
    "string_decoder": {
      "version": "0.10.31",
      "resolved": "https://registry.npmjs.org/string_decoder/-/string_decoder-0.10.31.tgz",
      "integrity": "sha1-YuIDvEF2bGwoyfyEMB2rHFMQ+pQ="
    }
  }
}
